
Microsoft Visual Studio Solution File, Format Version 12.00
# Visual Studio Version 17
VisualStudioVersion = 17.14.36511.14
MinimumVisualStudioVersion = 10.0.40219.1
Project("{8BC9CEB8-8B4A-11D0-8D11-00A0C91BC942}") = "e01", "e01\e01.vcxproj", "{02FBB7E1-17F8-4871-9AF8-4EABBEB61938}"
EndProject
Project("{8BC9CEB8-8B4A-11D0-8D11-00A0C91BC942}") = "e02", "e02\e02.vcxproj", "{B508CA88-AA3A-4C97-8EC6-2E71DDED62CE}"
EndProject
Project("{8BC9CEB8-8B4A-11D0-8D11-00A0C91BC942}") = "e03", "e03\e03.vcxproj", "{548D1058-6141-4916-9F5B-DE77FC70D8DD}"
EndProject
Project("{8BC9CEB8-8B4A-11D0-8D11-00A0C91BC942}") = "e04", "e04\e04.vcxproj", "{49315D3F-ABF3-4263-B20E-A0AD547B1898}"
EndProject
Project("{8BC9CEB8-8B4A-11D0-8D11-00A0C91BC942}") = "e05", "e05\e05.vcxproj", "{F8C04051-3A35-464B-A8D5-573FBBEF143D}"
EndProject
Project("{8BC9CEB8-8B4A-11D0-8D11-00A0C91BC942}") = "e06", "e06\e06.vcxproj", "{6FABE120-0157-47A4-B5A3-45558A22A0FE}"
EndProject
Project("{8BC9CEB8-8B4A-11D0-8D11-00A0C91BC942}") = "e07", "e07\e07.vcxproj", "{9A4A326E-E033-4D79-9FA3-42B8F5E69CBA}"
EndProject
Project("{8BC9CEB8-8B4A-11D0-8D11-00A0C91BC942}") = "e08", "e08\e08.vcxproj", "{01194894-C3DD-4E09-BE13-E99C71A590E6}"
EndProject
Project("{8BC9CEB8-8B4A-11D0-8D11-00A0C91BC942}") = "e09", "e09\e09.vcxproj", "{065E6B72-0BCD-4A2C-9B93-11DC4C65848B}"
EndProject
Project("{8BC9CEB8-8B4A-11D0-8D11-00A0C91BC942}") = "e10", "e10\e10.vcxproj", "{680B9D59-87EF-4A5D-BBBF-93456F89180D}"
EndProject
Project("{8BC9CEB8-8B4A-11D0-8D11-00A0C91BC942}") = "e11", "e11\e11.vcxproj", "{BF57EE16-61DD-49CC-BA4E-40CB95168FB5}"
EndProject
Project("{8BC9CEB8-8B4A-11D0-8D11-00A0C91BC942}") = "e12", "e12\e12.vcxproj", "{8C7A0332-2A76-42D0-84A9-A513563840CF}"
EndProject
Project("{8BC9CEB8-8B4A-11D0-8D11-00A0C91BC942}") = "e13", "e13\e13.vcxproj", "{6418D9DA-7DC6-4682-9B10-F345A1776ED6}"
EndProject
Project("{8BC9CEB8-8B4A-11D0-8D11-00A0C91BC942}") = "e14", "e14\e14.vcxproj", "{03FAF32D-C2B1-4C65-8884-0A2D17B299A8}"
EndProject
Project("{8BC9CEB8-8B4A-11D0-8D11-00A0C91BC942}") = "e15", "e15\e15.vcxproj", "{73907FD6-F4F4-4575-A957-AEE9BFA4E636}"
EndProject
Project("{8BC9CEB8-8B4A-11D0-8D11-00A0C91BC942}") = "e16", "e16\e16.vcxproj", "{B485CC7B-155B-4907-B47D-B508AA133ACB}"
EndProject
Project("{8BC9CEB8-8B4A-11D0-8D11-00A0C91BC942}") = "e17", "e17\e17.vcxproj", "{1D1D2593-DDFE-4F0F-B221-785F4238E7C2}"
EndProject
Project("{8BC9CEB8-8B4A-11D0-8D11-00A0C91BC942}") = "e18", "e18\e18.vcxproj", "{CD904C0E-D972-4456-BEB0-DB49647CE364}"
EndProject
Project("{8BC9CEB8-8B4A-11D0-8D11-00A0C91BC942}") = "e20", "e20\e20.vcxproj", "{E0EBE093-8F10-4022-8EE0-8F55258C072B}"
EndProject
Project("{8BC9CEB8-8B4A-11D0-8D11-00A0C91BC942}") = "e19", "e19\e19.vcxproj", "{695A65F6-B8D4-412A-A79B-10A0F215EC9A}"
EndProject
Global
	GlobalSection(SolutionConfigurationPlatforms) = preSolution
		Debug|x64 = Debug|x64
		Debug|x86 = Debug|x86
		Release|x64 = Release|x64
		Release|x86 = Release|x86
	EndGlobalSection
	GlobalSection(ProjectConfigurationPlatforms) = postSolution
		{02FBB7E1-17F8-4871-9AF8-4EABBEB61938}.Debug|x64.ActiveCfg = Debug|x64
		{02FBB7E1-17F8-4871-9AF8-4EABBEB61938}.Debug|x64.Build.0 = Debug|x64
		{02FBB7E1-17F8-4871-9AF8-4EABBEB61938}.Debug|x86.ActiveCfg = Debug|Win32
		{02FBB7E1-17F8-4871-9AF8-4EABBEB61938}.Debug|x86.Build.0 = Debug|Win32
		{02FBB7E1-17F8-4871-9AF8-4EABBEB61938}.Release|x64.ActiveCfg = Release|x64
		{02FBB7E1-17F8-4871-9AF8-4EABBEB61938}.Release|x64.Build.0 = Release|x64
		{02FBB7E1-17F8-4871-9AF8-4EABBEB61938}.Release|x86.ActiveCfg = Release|Win32
		{02FBB7E1-17F8-4871-9AF8-4EABBEB61938}.Release|x86.Build.0 = Release|Win32
		{B508CA88-AA3A-4C97-8EC6-2E71DDED62CE}.Debug|x64.ActiveCfg = Debug|x64
		{B508CA88-AA3A-4C97-8EC6-2E71DDED62CE}.Debug|x64.Build.0 = Debug|x64
		{B508CA88-AA3A-4C97-8EC6-2E71DDED62CE}.Debug|x86.ActiveCfg = Debug|Win32
		{B508CA88-AA3A-4C97-8EC6-2E71DDED62CE}.Debug|x86.Build.0 = Debug|Win32
		{B508CA88-AA3A-4C97-8EC6-2E71DDED62CE}.Release|x64.ActiveCfg = Release|x64
		{B508CA88-AA3A-4C97-8EC6-2E71DDED62CE}.Release|x64.Build.0 = Release|x64
		{B508CA88-AA3A-4C97-8EC6-2E71DDED62CE}.Release|x86.ActiveCfg = Release|Win32
		{B508CA88-AA3A-4C97-8EC6-2E71DDED62CE}.Release|x86.Build.0 = Release|Win32
		{548D1058-6141-4916-9F5B-DE77FC70D8DD}.Debug|x64.ActiveCfg = Debug|x64
		{548D1058-6141-4916-9F5B-DE77FC70D8DD}.Debug|x64.Build.0 = Debug|x64
		{548D1058-6141-4916-9F5B-DE77FC70D8DD}.Debug|x86.ActiveCfg = Debug|Win32
		{548D1058-6141-4916-9F5B-DE77FC70D8DD}.Debug|x86.Build.0 = Debug|Win32
		{548D1058-6141-4916-9F5B-DE77FC70D8DD}.Release|x64.ActiveCfg = Release|x64
		{548D1058-6141-4916-9F5B-DE77FC70D8DD}.Release|x64.Build.0 = Release|x64
		{548D1058-6141-4916-9F5B-DE77FC70D8DD}.Release|x86.ActiveCfg = Release|Win32
		{548D1058-6141-4916-9F5B-DE77FC70D8DD}.Release|x86.Build.0 = Release|Win32
		{49315D3F-ABF3-4263-B20E-A0AD547B1898}.Debug|x64.ActiveCfg = Debug|x64
		{49315D3F-ABF3-4263-B20E-A0AD547B1898}.Debug|x64.Build.0 = Debug|x64
		{49315D3F-ABF3-4263-B20E-A0AD547B1898}.Debug|x86.ActiveCfg = Debug|Win32
		{49315D3F-ABF3-4263-B20E-A0AD547B1898}.Debug|x86.Build.0 = Debug|Win32
		{49315D3F-ABF3-4263-B20E-A0AD547B1898}.Release|x64.ActiveCfg = Release|x64
		{49315D3F-ABF3-4263-B20E-A0AD547B1898}.Release|x64.Build.0 = Release|x64
		{49315D3F-ABF3-4263-B20E-A0AD547B1898}.Release|x86.ActiveCfg = Release|Win32
		{49315D3F-ABF3-4263-B20E-A0AD547B1898}.Release|x86.Build.0 = Release|Win32
		{F8C04051-3A35-464B-A8D5-573FBBEF143D}.Debug|x64.ActiveCfg = Debug|x64
		{F8C04051-3A35-464B-A8D5-573FBBEF143D}.Debug|x64.Build.0 = Debug|x64
		{F8C04051-3A35-464B-A8D5-573FBBEF143D}.Debug|x86.ActiveCfg = Debug|Win32
		{F8C04051-3A35-464B-A8D5-573FBBEF143D}.Debug|x86.Build.0 = Debug|Win32
		{F8C04051-3A35-464B-A8D5-573FBBEF143D}.Release|x64.ActiveCfg = Release|x64
		{F8C04051-3A35-464B-A8D5-573FBBEF143D}.Release|x64.Build.0 = Release|x64
		{F8C04051-3A35-464B-A8D5-573FBBEF143D}.Release|x86.ActiveCfg = Release|Win32
		{F8C04051-3A35-464B-A8D5-573FBBEF143D}.Release|x86.Build.0 = Release|Win32
		{6FABE120-0157-47A4-B5A3-45558A22A0FE}.Debug|x64.ActiveCfg = Debug|x64
		{6FABE120-0157-47A4-B5A3-45558A22A0FE}.Debug|x64.Build.0 = Debug|x64
		{6FABE120-0157-47A4-B5A3-45558A22A0FE}.Debug|x86.ActiveCfg = Debug|Win32
		{6FABE120-0157-47A4-B5A3-45558A22A0FE}.Debug|x86.Build.0 = Debug|Win32
		{6FABE120-0157-47A4-B5A3-45558A22A0FE}.Release|x64.ActiveCfg = Release|x64
		{6FABE120-0157-47A4-B5A3-45558A22A0FE}.Release|x64.Build.0 = Release|x64
		{6FABE120-0157-47A4-B5A3-45558A22A0FE}.Release|x86.ActiveCfg = Release|Win32
		{6FABE120-0157-47A4-B5A3-45558A22A0FE}.Release|x86.Build.0 = Release|Win32
		{9A4A326E-E033-4D79-9FA3-42B8F5E69CBA}.Debug|x64.ActiveCfg = Debug|x64
		{9A4A326E-E033-4D79-9FA3-42B8F5E69CBA}.Debug|x64.Build.0 = Debug|x64
		{9A4A326E-E033-4D79-9FA3-42B8F5E69CBA}.Debug|x86.ActiveCfg = Debug|Win32
		{9A4A326E-E033-4D79-9FA3-42B8F5E69CBA}.Debug|x86.Build.0 = Debug|Win32
		{9A4A326E-E033-4D79-9FA3-42B8F5E69CBA}.Release|x64.ActiveCfg = Release|x64
		{9A4A326E-E033-4D79-9FA3-42B8F5E69CBA}.Release|x64.Build.0 = Release|x64
		{9A4A326E-E033-4D79-9FA3-42B8F5E69CBA}.Release|x86.ActiveCfg = Release|Win32
		{9A4A326E-E033-4D79-9FA3-42B8F5E69CBA}.Release|x86.Build.0 = Release|Win32
		{01194894-C3DD-4E09-BE13-E99C71A590E6}.Debug|x64.ActiveCfg = Debug|x64
		{01194894-C3DD-4E09-BE13-E99C71A590E6}.Debug|x64.Build.0 = Debug|x64
		{01194894-C3DD-4E09-BE13-E99C71A590E6}.Debug|x86.ActiveCfg = Debug|Win32
		{01194894-C3DD-4E09-BE13-E99C71A590E6}.Debug|x86.Build.0 = Debug|Win32
		{01194894-C3DD-4E09-BE13-E99C71A590E6}.Release|x64.ActiveCfg = Release|x64
		{01194894-C3DD-4E09-BE13-E99C71A590E6}.Release|x64.Build.0 = Release|x64
		{01194894-C3DD-4E09-BE13-E99C71A590E6}.Release|x86.ActiveCfg = Release|Win32
		{01194894-C3DD-4E09-BE13-E99C71A590E6}.Release|x86.Build.0 = Release|Win32
		{065E6B72-0BCD-4A2C-9B93-11DC4C65848B}.Debug|x64.ActiveCfg = Debug|x64
		{065E6B72-0BCD-4A2C-9B93-11DC4C65848B}.Debug|x64.Build.0 = Debug|x64
		{065E6B72-0BCD-4A2C-9B93-11DC4C65848B}.Debug|x86.ActiveCfg = Debug|Win32
		{065E6B72-0BCD-4A2C-9B93-11DC4C65848B}.Debug|x86.Build.0 = Debug|Win32
		{065E6B72-0BCD-4A2C-9B93-11DC4C65848B}.Release|x64.ActiveCfg = Release|x64
		{065E6B72-0BCD-4A2C-9B93-11DC4C65848B}.Release|x64.Build.0 = Release|x64
		{065E6B72-0BCD-4A2C-9B93-11DC4C65848B}.Release|x86.ActiveCfg = Release|Win32
		{065E6B72-0BCD-4A2C-9B93-11DC4C65848B}.Release|x86.Build.0 = Release|Win32
		{680B9D59-87EF-4A5D-BBBF-93456F89180D}.Debug|x64.ActiveCfg = Debug|x64
		{680B9D59-87EF-4A5D-BBBF-93456F89180D}.Debug|x64.Build.0 = Debug|x64
		{680B9D59-87EF-4A5D-BBBF-93456F89180D}.Debug|x86.ActiveCfg = Debug|Win32
		{680B9D59-87EF-4A5D-BBBF-93456F89180D}.Debug|x86.Build.0 = Debug|Win32
		{680B9D59-87EF-4A5D-BBBF-93456F89180D}.Release|x64.ActiveCfg = Release|x64
		{680B9D59-87EF-4A5D-BBBF-93456F89180D}.Release|x64.Build.0 = Release|x64
		{680B9D59-87EF-4A5D-BBBF-93456F89180D}.Release|x86.ActiveCfg = Release|Win32
		{680B9D59-87EF-4A5D-BBBF-93456F89180D}.Release|x86.Build.0 = Release|Win32
		{BF57EE16-61DD-49CC-BA4E-40CB95168FB5}.Debug|x64.ActiveCfg = Debug|x64
		{BF57EE16-61DD-49CC-BA4E-40CB95168FB5}.Debug|x64.Build.0 = Debug|x64
		{BF57EE16-61DD-49CC-BA4E-40CB95168FB5}.Debug|x86.ActiveCfg = Debug|Win32
		{BF57EE16-61DD-49CC-BA4E-40CB95168FB5}.Debug|x86.Build.0 = Debug|Win32
		{BF57EE16-61DD-49CC-BA4E-40CB95168FB5}.Release|x64.ActiveCfg = Release|x64
		{BF57EE16-61DD-49CC-BA4E-40CB95168FB5}.Release|x64.Build.0 = Release|x64
		{BF57EE16-61DD-49CC-BA4E-40CB95168FB5}.Release|x86.ActiveCfg = Release|Win32
		{BF57EE16-61DD-49CC-BA4E-40CB95168FB5}.Release|x86.Build.0 = Release|Win32
		{8C7A0332-2A76-42D0-84A9-A513563840CF}.Debug|x64.ActiveCfg = Debug|x64
		{8C7A0332-2A76-42D0-84A9-A513563840CF}.Debug|x64.Build.0 = Debug|x64
		{8C7A0332-2A76-42D0-84A9-A513563840CF}.Debug|x86.ActiveCfg = Debug|Win32
		{8C7A0332-2A76-42D0-84A9-A513563840CF}.Debug|x86.Build.0 = Debug|Win32
		{8C7A0332-2A76-42D0-84A9-A513563840CF}.Release|x64.ActiveCfg = Release|x64
		{8C7A0332-2A76-42D0-84A9-A513563840CF}.Release|x64.Build.0 = Release|x64
		{8C7A0332-2A76-42D0-84A9-A513563840CF}.Release|x86.ActiveCfg = Release|Win32
		{8C7A0332-2A76-42D0-84A9-A513563840CF}.Release|x86.Build.0 = Release|Win32
		{6418D9DA-7DC6-4682-9B10-F345A1776ED6}.Debug|x64.ActiveCfg = Debug|x64
		{6418D9DA-7DC6-4682-9B10-F345A1776ED6}.Debug|x64.Build.0 = Debug|x64
		{6418D9DA-7DC6-4682-9B10-F345A1776ED6}.Debug|x86.ActiveCfg = Debug|Win32
		{6418D9DA-7DC6-4682-9B10-F345A1776ED6}.Debug|x86.Build.0 = Debug|Win32
		{6418D9DA-7DC6-4682-9B10-F345A1776ED6}.Release|x64.ActiveCfg = Release|x64
		{6418D9DA-7DC6-4682-9B10-F345A1776ED6}.Release|x64.Build.0 = Release|x64
		{6418D9DA-7DC6-4682-9B10-F345A1776ED6}.Release|x86.ActiveCfg = Release|Win32
		{6418D9DA-7DC6-4682-9B10-F345A1776ED6}.Release|x86.Build.0 = Release|Win32
		{03FAF32D-C2B1-4C65-8884-0A2D17B299A8}.Debug|x64.ActiveCfg = Debug|x64
		{03FAF32D-C2B1-4C65-8884-0A2D17B299A8}.Debug|x64.Build.0 = Debug|x64
		{03FAF32D-C2B1-4C65-8884-0A2D17B299A8}.Debug|x86.ActiveCfg = Debug|Win32
		{03FAF32D-C2B1-4C65-8884-0A2D17B299A8}.Debug|x86.Build.0 = Debug|Win32
		{03FAF32D-C2B1-4C65-8884-0A2D17B299A8}.Release|x64.ActiveCfg = Release|x64
		{03FAF32D-C2B1-4C65-8884-0A2D17B299A8}.Release|x64.Build.0 = Release|x64
		{03FAF32D-C2B1-4C65-8884-0A2D17B299A8}.Release|x86.ActiveCfg = Release|Win32
		{03FAF32D-C2B1-4C65-8884-0A2D17B299A8}.Release|x86.Build.0 = Release|Win32
		{73907FD6-F4F4-4575-A957-AEE9BFA4E636}.Debug|x64.ActiveCfg = Debug|x64
		{73907FD6-F4F4-4575-A957-AEE9BFA4E636}.Debug|x64.Build.0 = Debug|x64
		{73907FD6-F4F4-4575-A957-AEE9BFA4E636}.Debug|x86.ActiveCfg = Debug|Win32
		{73907FD6-F4F4-4575-A957-AEE9BFA4E636}.Debug|x86.Build.0 = Debug|Win32
		{73907FD6-F4F4-4575-A957-AEE9BFA4E636}.Release|x64.ActiveCfg = Release|x64
		{73907FD6-F4F4-4575-A957-AEE9BFA4E636}.Release|x64.Build.0 = Release|x64
		{73907FD6-F4F4-4575-A957-AEE9BFA4E636}.Release|x86.ActiveCfg = Release|Win32
		{73907FD6-F4F4-4575-A957-AEE9BFA4E636}.Release|x86.Build.0 = Release|Win32
		{B485CC7B-155B-4907-B47D-B508AA133ACB}.Debug|x64.ActiveCfg = Debug|x64
		{B485CC7B-155B-4907-B47D-B508AA133ACB}.Debug|x64.Build.0 = Debug|x64
		{B485CC7B-155B-4907-B47D-B508AA133ACB}.Debug|x86.ActiveCfg = Debug|Win32
		{B485CC7B-155B-4907-B47D-B508AA133ACB}.Debug|x86.Build.0 = Debug|Win32
		{B485CC7B-155B-4907-B47D-B508AA133ACB}.Release|x64.ActiveCfg = Release|x64
		{B485CC7B-155B-4907-B47D-B508AA133ACB}.Release|x64.Build.0 = Release|x64
		{B485CC7B-155B-4907-B47D-B508AA133ACB}.Release|x86.ActiveCfg = Release|Win32
		{B485CC7B-155B-4907-B47D-B508AA133ACB}.Release|x86.Build.0 = Release|Win32
		{1D1D2593-DDFE-4F0F-B221-785F4238E7C2}.Debug|x64.ActiveCfg = Debug|x64
		{1D1D2593-DDFE-4F0F-B221-785F4238E7C2}.Debug|x64.Build.0 = Debug|x64
		{1D1D2593-DDFE-4F0F-B221-785F4238E7C2}.Debug|x86.ActiveCfg = Debug|Win32
		{1D1D2593-DDFE-4F0F-B221-785F4238E7C2}.Debug|x86.Build.0 = Debug|Win32
		{1D1D2593-DDFE-4F0F-B221-785F4238E7C2}.Release|x64.ActiveCfg = Release|x64
		{1D1D2593-DDFE-4F0F-B221-785F4238E7C2}.Release|x64.Build.0 = Release|x64
		{1D1D2593-DDFE-4F0F-B221-785F4238E7C2}.Release|x86.ActiveCfg = Release|Win32
		{1D1D2593-DDFE-4F0F-B221-785F4238E7C2}.Release|x86.Build.0 = Release|Win32
		{CD904C0E-D972-4456-BEB0-DB49647CE364}.Debug|x64.ActiveCfg = Debug|x64
		{CD904C0E-D972-4456-BEB0-DB49647CE364}.Debug|x64.Build.0 = Debug|x64
		{CD904C0E-D972-4456-BEB0-DB49647CE364}.Debug|x86.ActiveCfg = Debug|Win32
		{CD904C0E-D972-4456-BEB0-DB49647CE364}.Debug|x86.Build.0 = Debug|Win32
		{CD904C0E-D972-4456-BEB0-DB49647CE364}.Release|x64.ActiveCfg = Release|x64
		{CD904C0E-D972-4456-BEB0-DB49647CE364}.Release|x64.Build.0 = Release|x64
		{CD904C0E-D972-4456-BEB0-DB49647CE364}.Release|x86.ActiveCfg = Release|Win32
		{CD904C0E-D972-4456-BEB0-DB49647CE364}.Release|x86.Build.0 = Release|Win32
		{E0EBE093-8F10-4022-8EE0-8F55258C072B}.Debug|x64.ActiveCfg = Debug|x64
		{E0EBE093-8F10-4022-8EE0-8F55258C072B}.Debug|x64.Build.0 = Debug|x64
		{E0EBE093-8F10-4022-8EE0-8F55258C072B}.Debug|x86.ActiveCfg = Debug|Win32
		{E0EBE093-8F10-4022-8EE0-8F55258C072B}.Debug|x86.Build.0 = Debug|Win32
		{E0EBE093-8F10-4022-8EE0-8F55258C072B}.Release|x64.ActiveCfg = Release|x64
		{E0EBE093-8F10-4022-8EE0-8F55258C072B}.Release|x64.Build.0 = Release|x64
		{E0EBE093-8F10-4022-8EE0-8F55258C072B}.Release|x86.ActiveCfg = Release|Win32
		{E0EBE093-8F10-4022-8EE0-8F55258C072B}.Release|x86.Build.0 = Release|Win32
		{695A65F6-B8D4-412A-A79B-10A0F215EC9A}.Debug|x64.ActiveCfg = Debug|x64
		{695A65F6-B8D4-412A-A79B-10A0F215EC9A}.Debug|x64.Build.0 = Debug|x64
		{695A65F6-B8D4-412A-A79B-10A0F215EC9A}.Debug|x86.ActiveCfg = Debug|Win32
		{695A65F6-B8D4-412A-A79B-10A0F215EC9A}.Debug|x86.Build.0 = Debug|Win32
		{695A65F6-B8D4-412A-A79B-10A0F215EC9A}.Release|x64.ActiveCfg = Release|x64
		{695A65F6-B8D4-412A-A79B-10A0F215EC9A}.Release|x64.Build.0 = Release|x64
		{695A65F6-B8D4-412A-A79B-10A0F215EC9A}.Release|x86.ActiveCfg = Release|Win32
		{695A65F6-B8D4-412A-A79B-10A0F215EC9A}.Release|x86.Build.0 = Release|Win32
	EndGlobalSection
	GlobalSection(SolutionProperties) = preSolution
		HideSolutionNode = FALSE
	EndGlobalSection
	GlobalSection(ExtensibilityGlobals) = postSolution
		SolutionGuid = {15528DB5-4514-4BCF-BA5A-E0DA66FEA1A3}
	EndGlobalSection
EndGlobal
