
Microsoft Visual Studio Solution File, Format Version 12.00
# Visual Studio Version 17
VisualStudioVersion = 17.14.36511.14
MinimumVisualStudioVersion = 10.0.40219.1
Project("{8BC9CEB8-8B4A-11D0-8D11-00A0C91BC942}") = "e01", "e01\e01.vcxproj", "{02FBB7E1-17F8-4871-9AF8-4EABBEB61938}"
EndProject
Project("{8BC9CEB8-8B4A-11D0-8D11-00A0C91BC942}") = "e02", "e02\e02.vcxproj", "{B508CA88-AA3A-4C97-8EC6-2E71DDED62CE}"
EndProject
Project("{8BC9CEB8-8B4A-11D0-8D11-00A0C91BC942}") = "e03", "e03\e03.vcxproj", "{548D1058-6141-4916-9F5B-DE77FC70D8DD}"
EndProject
Project("{8BC9CEB8-8B4A-11D0-8D11-00A0C91BC942}") = "e04", "e04\e04.vcxproj", "{49315D3F-ABF3-4263-B20E-A0AD547B1898}"
EndProject
Project("{8BC9CEB8-8B4A-11D0-8D11-00A0C91BC942}") = "e05", "e05\e05.vcxproj", "{F8C04051-3A35-464B-A8D5-573FBBEF143D}"
EndProject
Project("{8BC9CEB8-8B4A-11D0-8D11-00A0C91BC942}") = "e06", "e06\e06.vcxproj", "{6FABE120-0157-47A4-B5A3-45558A22A0FE}"
EndProject
Project("{8BC9CEB8-8B4A-11D0-8D11-00A0C91BC942}") = "e07", "e07\e07.vcxproj", "{9A4A326E-E033-4D79-9FA3-42B8F5E69CBA}"
EndProject
Project("{8BC9CEB8-8B4A-11D0-8D11-00A0C91BC942}") = "e08", "e08\e08.vcxproj", "{01194894-C3DD-4E09-BE13-E99C71A590E6}"
EndProject
Project("{8BC9CEB8-8B4A-11D0-8D11-00A0C91BC942}") = "e09", "e09\e09.vcxproj", "{065E6B72-0BCD-4A2C-9B93-11DC4C65848B}"
EndProject
Project("{8BC9CEB8-8B4A-11D0-8D11-00A0C91BC942}") = "e10", "e10\e10.vcxproj", "{680B9D59-87EF-4A5D-BBBF-93456F89180D}"
EndProject
Global
	GlobalSection(SolutionConfigurationPlatforms) = preSolution
		Debug|x64 = Debug|x64
		Debug|x86 = Debug|x86
		Release|x64 = Release|x64
		Release|x86 = Release|x86
	EndGlobalSection
	GlobalSection(ProjectConfigurationPlatforms) = postSolution
		{02FBB7E1-17F8-4871-9AF8-4EABBEB61938}.Debug|x64.ActiveCfg = Debug|x64
		{02FBB7E1-17F8-4871-9AF8-4EABBEB61938}.Debug|x64.Build.0 = Debug|x64
		{02FBB7E1-17F8-4871-9AF8-4EABBEB61938}.Debug|x86.ActiveCfg = Debug|Win32
		{02FBB7E1-17F8-4871-9AF8-4EABBEB61938}.Debug|x86.Build.0 = Debug|Win32
		{02FBB7E1-17F8-4871-9AF8-4EABBEB61938}.Release|x64.ActiveCfg = Release|x64
		{02FBB7E1-17F8-4871-9AF8-4EABBEB61938}.Release|x64.Build.0 = Release|x64
		{02FBB7E1-17F8-4871-9AF8-4EABBEB61938}.Release|x86.ActiveCfg = Release|Win32
		{02FBB7E1-17F8-4871-9AF8-4EABBEB61938}.Release|x86.Build.0 = Release|Win32
		{B508CA88-AA3A-4C97-8EC6-2E71DDED62CE}.Debug|x64.ActiveCfg = Debug|x64
		{B508CA88-AA3A-4C97-8EC6-2E71DDED62CE}.Debug|x64.Build.0 = Debug|x64
		{B508CA88-AA3A-4C97-8EC6-2E71DDED62CE}.Debug|x86.ActiveCfg = Debug|Win32
		{B508CA88-AA3A-4C97-8EC6-2E71DDED62CE}.Debug|x86.Build.0 = Debug|Win32
		{B508CA88-AA3A-4C97-8EC6-2E71DDED62CE}.Release|x64.ActiveCfg = Release|x64
		{B508CA88-AA3A-4C97-8EC6-2E71DDED62CE}.Release|x64.Build.0 = Release|x64
		{B508CA88-AA3A-4C97-8EC6-2E71DDED62CE}.Release|x86.ActiveCfg = Release|Win32
		{B508CA88-AA3A-4C97-8EC6-2E71DDED62CE}.Release|x86.Build.0 = Release|Win32
		{548D1058-6141-4916-9F5B-DE77FC70D8DD}.Debug|x64.ActiveCfg = Debug|x64
		{548D1058-6141-4916-9F5B-DE77FC70D8DD}.Debug|x64.Build.0 = Debug|x64
		{548D1058-6141-4916-9F5B-DE77FC70D8DD}.Debug|x86.ActiveCfg = Debug|Win32
		{548D1058-6141-4916-9F5B-DE77FC70D8DD}.Debug|x86.Build.0 = Debug|Win32
		{548D1058-6141-4916-9F5B-DE77FC70D8DD}.Release|x64.ActiveCfg = Release|x64
		{548D1058-6141-4916-9F5B-DE77FC70D8DD}.Release|x64.Build.0 = Release|x64
		{548D1058-6141-4916-9F5B-DE77FC70D8DD}.Release|x86.ActiveCfg = Release|Win32
		{548D1058-6141-4916-9F5B-DE77FC70D8DD}.Release|x86.Build.0 = Release|Win32
		{49315D3F-ABF3-4263-B20E-A0AD547B1898}.Debug|x64.ActiveCfg = Debug|x64
		{49315D3F-ABF3-4263-B20E-A0AD547B1898}.Debug|x64.Build.0 = Debug|x64
		{49315D3F-ABF3-4263-B20E-A0AD547B1898}.Debug|x86.ActiveCfg = Debug|Win32
		{49315D3F-ABF3-4263-B20E-A0AD547B1898}.Debug|x86.Build.0 = Debug|Win32
		{49315D3F-ABF3-4263-B20E-A0AD547B1898}.Release|x64.ActiveCfg = Release|x64
		{49315D3F-ABF3-4263-B20E-A0AD547B1898}.Release|x64.Build.0 = Release|x64
		{49315D3F-ABF3-4263-B20E-A0AD547B1898}.Release|x86.ActiveCfg = Release|Win32
		{49315D3F-ABF3-4263-B20E-A0AD547B1898}.Release|x86.Build.0 = Release|Win32
		{F8C04051-3A35-464B-A8D5-573FBBEF143D}.Debug|x64.ActiveCfg = Debug|x64
		{F8C04051-3A35-464B-A8D5-573FBBEF143D}.Debug|x64.Build.0 = Debug|x64
		{F8C04051-3A35-464B-A8D5-573FBBEF143D}.Debug|x86.ActiveCfg = Debug|Win32
		{F8C04051-3A35-464B-A8D5-573FBBEF143D}.Debug|x86.Build.0 = Debug|Win32
		{F8C04051-3A35-464B-A8D5-573FBBEF143D}.Release|x64.ActiveCfg = Release|x64
		{F8C04051-3A35-464B-A8D5-573FBBEF143D}.Release|x64.Build.0 = Release|x64
		{F8C04051-3A35-464B-A8D5-573FBBEF143D}.Release|x86.ActiveCfg = Release|Win32
		{F8C04051-3A35-464B-A8D5-573FBBEF143D}.Release|x86.Build.0 = Release|Win32
		{6FABE120-0157-47A4-B5A3-45558A22A0FE}.Debug|x64.ActiveCfg = Debug|x64
		{6FABE120-0157-47A4-B5A3-45558A22A0FE}.Debug|x64.Build.0 = Debug|x64
		{6FABE120-0157-47A4-B5A3-45558A22A0FE}.Debug|x86.ActiveCfg = Debug|Win32
		{6FABE120-0157-47A4-B5A3-45558A22A0FE}.Debug|x86.Build.0 = Debug|Win32
		{6FABE120-0157-47A4-B5A3-45558A22A0FE}.Release|x64.ActiveCfg = Release|x64
		{6FABE120-0157-47A4-B5A3-45558A22A0FE}.Release|x64.Build.0 = Release|x64
		{6FABE120-0157-47A4-B5A3-45558A22A0FE}.Release|x86.ActiveCfg = Release|Win32
		{6FABE120-0157-47A4-B5A3-45558A22A0FE}.Release|x86.Build.0 = Release|Win32
		{9A4A326E-E033-4D79-9FA3-42B8F5E69CBA}.Debug|x64.ActiveCfg = Debug|x64
		{9A4A326E-E033-4D79-9FA3-42B8F5E69CBA}.Debug|x64.Build.0 = Debug|x64
		{9A4A326E-E033-4D79-9FA3-42B8F5E69CBA}.Debug|x86.ActiveCfg = Debug|Win32
		{9A4A326E-E033-4D79-9FA3-42B8F5E69CBA}.Debug|x86.Build.0 = Debug|Win32
		{9A4A326E-E033-4D79-9FA3-42B8F5E69CBA}.Release|x64.ActiveCfg = Release|x64
		{9A4A326E-E033-4D79-9FA3-42B8F5E69CBA}.Release|x64.Build.0 = Release|x64
		{9A4A326E-E033-4D79-9FA3-42B8F5E69CBA}.Release|x86.ActiveCfg = Release|Win32
		{9A4A326E-E033-4D79-9FA3-42B8F5E69CBA}.Release|x86.Build.0 = Release|Win32
		{01194894-C3DD-4E09-BE13-E99C71A590E6}.Debug|x64.ActiveCfg = Debug|x64
		{01194894-C3DD-4E09-BE13-E99C71A590E6}.Debug|x64.Build.0 = Debug|x64
		{01194894-C3DD-4E09-BE13-E99C71A590E6}.Debug|x86.ActiveCfg = Debug|Win32
		{01194894-C3DD-4E09-BE13-E99C71A590E6}.Debug|x86.Build.0 = Debug|Win32
		{01194894-C3DD-4E09-BE13-E99C71A590E6}.Release|x64.ActiveCfg = Release|x64
		{01194894-C3DD-4E09-BE13-E99C71A590E6}.Release|x64.Build.0 = Release|x64
		{01194894-C3DD-4E09-BE13-E99C71A590E6}.Release|x86.ActiveCfg = Release|Win32
		{01194894-C3DD-4E09-BE13-E99C71A590E6}.Release|x86.Build.0 = Release|Win32
		{065E6B72-0BCD-4A2C-9B93-11DC4C65848B}.Debug|x64.ActiveCfg = Debug|x64
		{065E6B72-0BCD-4A2C-9B93-11DC4C65848B}.Debug|x64.Build.0 = Debug|x64
		{065E6B72-0BCD-4A2C-9B93-11DC4C65848B}.Debug|x86.ActiveCfg = Debug|Win32
		{065E6B72-0BCD-4A2C-9B93-11DC4C65848B}.Debug|x86.Build.0 = Debug|Win32
		{065E6B72-0BCD-4A2C-9B93-11DC4C65848B}.Release|x64.ActiveCfg = Release|x64
		{065E6B72-0BCD-4A2C-9B93-11DC4C65848B}.Release|x64.Build.0 = Release|x64
		{065E6B72-0BCD-4A2C-9B93-11DC4C65848B}.Release|x86.ActiveCfg = Release|Win32
		{065E6B72-0BCD-4A2C-9B93-11DC4C65848B}.Release|x86.Build.0 = Release|Win32
		{680B9D59-87EF-4A5D-BBBF-93456F89180D}.Debug|x64.ActiveCfg = Debug|x64
		{680B9D59-87EF-4A5D-BBBF-93456F89180D}.Debug|x64.Build.0 = Debug|x64
		{680B9D59-87EF-4A5D-BBBF-93456F89180D}.Debug|x86.ActiveCfg = Debug|Win32
		{680B9D59-87EF-4A5D-BBBF-93456F89180D}.Debug|x86.Build.0 = Debug|Win32
		{680B9D59-87EF-4A5D-BBBF-93456F89180D}.Release|x64.ActiveCfg = Release|x64
		{680B9D59-87EF-4A5D-BBBF-93456F89180D}.Release|x64.Build.0 = Release|x64
		{680B9D59-87EF-4A5D-BBBF-93456F89180D}.Release|x86.ActiveCfg = Release|Win32
		{680B9D59-87EF-4A5D-BBBF-93456F89180D}.Release|x86.Build.0 = Release|Win32
	EndGlobalSection
	GlobalSection(SolutionProperties) = preSolution
		HideSolutionNode = FALSE
	EndGlobalSection
	GlobalSection(ExtensibilityGlobals) = postSolution
		SolutionGuid = {15528DB5-4514-4BCF-BA5A-E0DA66FEA1A3}
	EndGlobalSection
EndGlobal
