
Microsoft Visual Studio Solution File, Format Version 12.00
# Visual Studio Version 17
VisualStudioVersion = 17.14.36511.14
MinimumVisualStudioVersion = 10.0.40219.1
Project("{8BC9CEB8-8B4A-11D0-8D11-00A0C91BC942}") = "e01", "e01\e01.vcxproj", "{02FBB7E1-17F8-4871-9AF8-4EABBEB61938}"
EndProject
Project("{8BC9CEB8-8B4A-11D0-8D11-00A0C91BC942}") = "e02", "e02\e02.vcxproj", "{B508CA88-AA3A-4C97-8EC6-2E71DDED62CE}"
EndProject
Project("{8BC9CEB8-8B4A-11D0-8D11-00A0C91BC942}") = "e03", "e03\e03.vcxproj", "{548D1058-6141-4916-9F5B-DE77FC70D8DD}"
EndProject
Project("{8BC9CEB8-8B4A-11D0-8D11-00A0C91BC942}") = "e04", "e04\e04.vcxproj", "{49315D3F-ABF3-4263-B20E-A0AD547B1898}"
EndProject
Project("{8BC9CEB8-8B4A-11D0-8D11-00A0C91BC942}") = "e05", "e05\e05.vcxproj", "{F8C04051-3A35-464B-A8D5-573FBBEF143D}"
EndProject
Project("{8BC9CEB8-8B4A-11D0-8D11-00A0C91BC942}") = "e06", "e06\e06.vcxproj", "{6FABE120-0157-47A4-B5A3-45558A22A0FE}"
EndProject
Project("{8BC9CEB8-8B4A-11D0-8D11-00A0C91BC942}") = "e07", "e07\e07.vcxproj", "{9A4A326E-E033-4D79-9FA3-42B8F5E69CBA}"
EndProject
Project("{8BC9CEB8-8B4A-11D0-8D11-00A0C91BC942}") = "e08", "e08\e08.vcxproj", "{01194894-C3DD-4E09-BE13-E99C71A590E6}"
EndProject
Project("{8BC9CEB8-8B4A-11D0-8D11-00A0C91BC942}") = "e09", "e09\e09.vcxproj", "{065E6B72-0BCD-4A2C-9B93-11DC4C65848B}"
EndProject
Project("{8BC9CEB8-8B4A-11D0-8D11-00A0C91BC942}") = "e10", "e10\e10.vcxproj", "{680B9D59-87EF-4A5D-BBBF-93456F89180D}"
EndProject
Project("{8BC9CEB8-8B4A-11D0-8D11-00A0C91BC942}") = "e11", "e11\e11.vcxproj", "{BF57EE16-61DD-49CC-BA4E-40CB95168FB5}"
EndProject
Project("{8BC9CEB8-8B4A-11D0-8D11-00A0C91BC942}") = "e12", "e12\e12.vcxproj", "{8C7A0332-2A76-42D0-84A9-A513563840CF}"
EndProject
Project("{8BC9CEB8-8B4A-11D0-8D11-00A0C91BC942}") = "e13", "e13\e13.vcxproj", "{6418D9DA-7DC6-4682-9B10-F345A1776ED6}"
EndProject
Project("{8BC9CEB8-8B4A-11D0-8D11-00A0C91BC942}") = "e14", "e14\e14.vcxproj", "{03FAF32D-C2B1-4C65-8884-0A2D17B299A8}"
EndProject
Project("{8BC9CEB8-8B4A-11D0-8D11-00A0C91BC942}") = "e15", "e15\e15.vcxproj", "{73907FD6-F4F4-4575-A957-AEE9BFA4E636}"
EndProject
Project("{8BC9CEB8-8B4A-11D0-8D11-00A0C91BC942}") = "e16", "e16\e16.vcxproj", "{B485CC7B-155B-4907-B47D-B508AA133ACB}"
EndProject
Project("{8BC9CEB8-8B4A-11D0-8D11-00A0C91BC942}") = "e17", "e17\e17.vcxproj", "{1D1D2593-DDFE-4F0F-B221-785F4238E7C2}"
EndProject
Project("{8BC9CEB8-8B4A-11D0-8D11-00A0C91BC942}") = "e18", "e18\e18.vcxproj", "{CD904C0E-D972-4456-BEB0-DB49647CE364}"
EndProject
Project("{8BC9CEB8-8B4A-11D0-8D11-00A0C91BC942}") = "e20", "e20\e20.vcxproj", "{E0EBE093-8F10-4022-8EE0-8F55258C072B}"
EndProject
Project("{8BC9CEB8-8B4A-11D0-8D11-00A0C91BC942}") = "e19", "e19\e19.vcxproj", "{695A65F6-B8D4-412A-A79B-10A0F215EC9A}"
EndProject
Project("{8BC9CEB8-8B4A-11D0-8D11-00A0C91BC942}") = "e21", "e21\e21.vcxproj", "{9C209C14-D581-4C3C-A8DB-C4D6176B58FD}"
EndProject
Project("{8BC9CEB8-8B4A-11D0-8D11-00A0C91BC942}") = "e22", "e22\e22.vcxproj", "{2112560D-D513-41D7-8962-CC5F6BE8FBB3}"
EndProject
Project("{8BC9CEB8-8B4A-11D0-8D11-00A0C91BC942}") = "e23", "e23\e23.vcxproj", "{60777D43-B8B4-4DA2-ADA4-6CB7E5A942EE}"
EndProject
Project("{8BC9CEB8-8B4A-11D0-8D11-00A0C91BC942}") = "e24", "e24\e24.vcxproj", "{3AE07315-A109-4D9F-9CDF-EA51E29A4D1F}"
EndProject
Project("{8BC9CEB8-8B4A-11D0-8D11-00A0C91BC942}") = "e25", "e25\e25.vcxproj", "{8C1EF9BD-A081-44D1-A69C-D6F8A8A6FC25}"
EndProject
Project("{8BC9CEB8-8B4A-11D0-8D11-00A0C91BC942}") = "e26", "e26\e26.vcxproj", "{A1AC09D0-C734-442F-BB95-C8D69B63D9ED}"
EndProject
Project("{8BC9CEB8-8B4A-11D0-8D11-00A0C91BC942}") = "e28", "e28\e28.vcxproj", "{91F090D6-C58E-44DA-8DD8-37E2CA7F1A36}"
EndProject
Project("{8BC9CEB8-8B4A-11D0-8D11-00A0C91BC942}") = "e29", "e29\e29.vcxproj", "{E0773B19-8E35-41C0-B314-BE0EF6531B7B}"
EndProject
Project("{8BC9CEB8-8B4A-11D0-8D11-00A0C91BC942}") = "e27", "e27\e27.vcxproj", "{BEA2D34D-2104-4387-B784-B848C7A79D8E}"
EndProject
Global
	GlobalSection(SolutionConfigurationPlatforms) = preSolution
		Debug|x64 = Debug|x64
		Debug|x86 = Debug|x86
		Release|x64 = Release|x64
		Release|x86 = Release|x86
	EndGlobalSection
	GlobalSection(ProjectConfigurationPlatforms) = postSolution
		{02FBB7E1-17F8-4871-9AF8-4EABBEB61938}.Debug|x64.ActiveCfg = Debug|x64
		{02FBB7E1-17F8-4871-9AF8-4EABBEB61938}.Debug|x64.Build.0 = Debug|x64
		{02FBB7E1-17F8-4871-9AF8-4EABBEB61938}.Debug|x86.ActiveCfg = Debug|Win32
		{02FBB7E1-17F8-4871-9AF8-4EABBEB61938}.Debug|x86.Build.0 = Debug|Win32
		{02FBB7E1-17F8-4871-9AF8-4EABBEB61938}.Release|x64.ActiveCfg = Release|x64
		{02FBB7E1-17F8-4871-9AF8-4EABBEB61938}.Release|x64.Build.0 = Release|x64
		{02FBB7E1-17F8-4871-9AF8-4EABBEB61938}.Release|x86.ActiveCfg = Release|Win32
		{02FBB7E1-17F8-4871-9AF8-4EABBEB61938}.Release|x86.Build.0 = Release|Win32
		{B508CA88-AA3A-4C97-8EC6-2E71DDED62CE}.Debug|x64.ActiveCfg = Debug|x64
		{B508CA88-AA3A-4C97-8EC6-2E71DDED62CE}.Debug|x64.Build.0 = Debug|x64
		{B508CA88-AA3A-4C97-8EC6-2E71DDED62CE}.Debug|x86.ActiveCfg = Debug|Win32
		{B508CA88-AA3A-4C97-8EC6-2E71DDED62CE}.Debug|x86.Build.0 = Debug|Win32
		{B508CA88-AA3A-4C97-8EC6-2E71DDED62CE}.Release|x64.ActiveCfg = Release|x64
		{B508CA88-AA3A-4C97-8EC6-2E71DDED62CE}.Release|x64.Build.0 = Release|x64
		{B508CA88-AA3A-4C97-8EC6-2E71DDED62CE}.Release|x86.ActiveCfg = Release|Win32
		{B508CA88-AA3A-4C97-8EC6-2E71DDED62CE}.Release|x86.Build.0 = Release|Win32
		{548D1058-6141-4916-9F5B-DE77FC70D8DD}.Debug|x64.ActiveCfg = Debug|x64
		{548D1058-6141-4916-9F5B-DE77FC70D8DD}.Debug|x64.Build.0 = Debug|x64
		{548D1058-6141-4916-9F5B-DE77FC70D8DD}.Debug|x86.ActiveCfg = Debug|Win32
		{548D1058-6141-4916-9F5B-DE77FC70D8DD}.Debug|x86.Build.0 = Debug|Win32
		{548D1058-6141-4916-9F5B-DE77FC70D8DD}.Release|x64.ActiveCfg = Release|x64
		{548D1058-6141-4916-9F5B-DE77FC70D8DD}.Release|x64.Build.0 = Release|x64
		{548D1058-6141-4916-9F5B-DE77FC70D8DD}.Release|x86.ActiveCfg = Release|Win32
		{548D1058-6141-4916-9F5B-DE77FC70D8DD}.Release|x86.Build.0 = Release|Win32
		{49315D3F-ABF3-4263-B20E-A0AD547B1898}.Debug|x64.ActiveCfg = Debug|x64
		{49315D3F-ABF3-4263-B20E-A0AD547B1898}.Debug|x64.Build.0 = Debug|x64
		{49315D3F-ABF3-4263-B20E-A0AD547B1898}.Debug|x86.ActiveCfg = Debug|Win32
		{49315D3F-ABF3-4263-B20E-A0AD547B1898}.Debug|x86.Build.0 = Debug|Win32
		{49315D3F-ABF3-4263-B20E-A0AD547B1898}.Release|x64.ActiveCfg = Release|x64
		{49315D3F-ABF3-4263-B20E-A0AD547B1898}.Release|x64.Build.0 = Release|x64
		{49315D3F-ABF3-4263-B20E-A0AD547B1898}.Release|x86.ActiveCfg = Release|Win32
		{49315D3F-ABF3-4263-B20E-A0AD547B1898}.Release|x86.Build.0 = Release|Win32
		{F8C04051-3A35-464B-A8D5-573FBBEF143D}.Debug|x64.ActiveCfg = Debug|x64
		{F8C04051-3A35-464B-A8D5-573FBBEF143D}.Debug|x64.Build.0 = Debug|x64
		{F8C04051-3A35-464B-A8D5-573FBBEF143D}.Debug|x86.ActiveCfg = Debug|Win32
		{F8C04051-3A35-464B-A8D5-573FBBEF143D}.Debug|x86.Build.0 = Debug|Win32
		{F8C04051-3A35-464B-A8D5-573FBBEF143D}.Release|x64.ActiveCfg = Release|x64
		{F8C04051-3A35-464B-A8D5-573FBBEF143D}.Release|x64.Build.0 = Release|x64
		{F8C04051-3A35-464B-A8D5-573FBBEF143D}.Release|x86.ActiveCfg = Release|Win32
		{F8C04051-3A35-464B-A8D5-573FBBEF143D}.Release|x86.Build.0 = Release|Win32
		{6FABE120-0157-47A4-B5A3-45558A22A0FE}.Debug|x64.ActiveCfg = Debug|x64
		{6FABE120-0157-47A4-B5A3-45558A22A0FE}.Debug|x64.Build.0 = Debug|x64
		{6FABE120-0157-47A4-B5A3-45558A22A0FE}.Debug|x86.ActiveCfg = Debug|Win32
		{6FABE120-0157-47A4-B5A3-45558A22A0FE}.Debug|x86.Build.0 = Debug|Win32
		{6FABE120-0157-47A4-B5A3-45558A22A0FE}.Release|x64.ActiveCfg = Release|x64
		{6FABE120-0157-47A4-B5A3-45558A22A0FE}.Release|x64.Build.0 = Release|x64
		{6FABE120-0157-47A4-B5A3-45558A22A0FE}.Release|x86.ActiveCfg = Release|Win32
		{6FABE120-0157-47A4-B5A3-45558A22A0FE}.Release|x86.Build.0 = Release|Win32
		{9A4A326E-E033-4D79-9FA3-42B8F5E69CBA}.Debug|x64.ActiveCfg = Debug|x64
		{9A4A326E-E033-4D79-9FA3-42B8F5E69CBA}.Debug|x64.Build.0 = Debug|x64
		{9A4A326E-E033-4D79-9FA3-42B8F5E69CBA}.Debug|x86.ActiveCfg = Debug|Win32
		{9A4A326E-E033-4D79-9FA3-42B8F5E69CBA}.Debug|x86.Build.0 = Debug|Win32
		{9A4A326E-E033-4D79-9FA3-42B8F5E69CBA}.Release|x64.ActiveCfg = Release|x64
		{9A4A326E-E033-4D79-9FA3-42B8F5E69CBA}.Release|x64.Build.0 = Release|x64
		{9A4A326E-E033-4D79-9FA3-42B8F5E69CBA}.Release|x86.ActiveCfg = Release|Win32
		{9A4A326E-E033-4D79-9FA3-42B8F5E69CBA}.Release|x86.Build.0 = Release|Win32
		{01194894-C3DD-4E09-BE13-E99C71A590E6}.Debug|x64.ActiveCfg = Debug|x64
		{01194894-C3DD-4E09-BE13-E99C71A590E6}.Debug|x64.Build.0 = Debug|x64
		{01194894-C3DD-4E09-BE13-E99C71A590E6}.Debug|x86.ActiveCfg = Debug|Win32
		{01194894-C3DD-4E09-BE13-E99C71A590E6}.Debug|x86.Build.0 = Debug|Win32
		{01194894-C3DD-4E09-BE13-E99C71A590E6}.Release|x64.ActiveCfg = Release|x64
		{01194894-C3DD-4E09-BE13-E99C71A590E6}.Release|x64.Build.0 = Release|x64
		{01194894-C3DD-4E09-BE13-E99C71A590E6}.Release|x86.ActiveCfg = Release|Win32
		{01194894-C3DD-4E09-BE13-E99C71A590E6}.Release|x86.Build.0 = Release|Win32
		{065E6B72-0BCD-4A2C-9B93-11DC4C65848B}.Debug|x64.ActiveCfg = Debug|x64
		{065E6B72-0BCD-4A2C-9B93-11DC4C65848B}.Debug|x64.Build.0 = Debug|x64
		{065E6B72-0BCD-4A2C-9B93-11DC4C65848B}.Debug|x86.ActiveCfg = Debug|Win32
		{065E6B72-0BCD-4A2C-9B93-11DC4C65848B}.Debug|x86.Build.0 = Debug|Win32
		{065E6B72-0BCD-4A2C-9B93-11DC4C65848B}.Release|x64.ActiveCfg = Release|x64
		{065E6B72-0BCD-4A2C-9B93-11DC4C65848B}.Release|x64.Build.0 = Release|x64
		{065E6B72-0BCD-4A2C-9B93-11DC4C65848B}.Release|x86.ActiveCfg = Release|Win32
		{065E6B72-0BCD-4A2C-9B93-11DC4C65848B}.Release|x86.Build.0 = Release|Win32
		{680B9D59-87EF-4A5D-BBBF-93456F89180D}.Debug|x64.ActiveCfg = Debug|x64
		{680B9D59-87EF-4A5D-BBBF-93456F89180D}.Debug|x64.Build.0 = Debug|x64
		{680B9D59-87EF-4A5D-BBBF-93456F89180D}.Debug|x86.ActiveCfg = Debug|Win32
		{680B9D59-87EF-4A5D-BBBF-93456F89180D}.Debug|x86.Build.0 = Debug|Win32
		{680B9D59-87EF-4A5D-BBBF-93456F89180D}.Release|x64.ActiveCfg = Release|x64
		{680B9D59-87EF-4A5D-BBBF-93456F89180D}.Release|x64.Build.0 = Release|x64
		{680B9D59-87EF-4A5D-BBBF-93456F89180D}.Release|x86.ActiveCfg = Release|Win32
		{680B9D59-87EF-4A5D-BBBF-93456F89180D}.Release|x86.Build.0 = Release|Win32
		{BF57EE16-61DD-49CC-BA4E-40CB95168FB5}.Debug|x64.ActiveCfg = Debug|x64
		{BF57EE16-61DD-49CC-BA4E-40CB95168FB5}.Debug|x64.Build.0 = Debug|x64
		{BF57EE16-61DD-49CC-BA4E-40CB95168FB5}.Debug|x86.ActiveCfg = Debug|Win32
		{BF57EE16-61DD-49CC-BA4E-40CB95168FB5}.Debug|x86.Build.0 = Debug|Win32
		{BF57EE16-61DD-49CC-BA4E-40CB95168FB5}.Release|x64.ActiveCfg = Release|x64
		{BF57EE16-61DD-49CC-BA4E-40CB95168FB5}.Release|x64.Build.0 = Release|x64
		{BF57EE16-61DD-49CC-BA4E-40CB95168FB5}.Release|x86.ActiveCfg = Release|Win32
		{BF57EE16-61DD-49CC-BA4E-40CB95168FB5}.Release|x86.Build.0 = Release|Win32
		{8C7A0332-2A76-42D0-84A9-A513563840CF}.Debug|x64.ActiveCfg = Debug|x64
		{8C7A0332-2A76-42D0-84A9-A513563840CF}.Debug|x64.Build.0 = Debug|x64
		{8C7A0332-2A76-42D0-84A9-A513563840CF}.Debug|x86.ActiveCfg = Debug|Win32
		{8C7A0332-2A76-42D0-84A9-A513563840CF}.Debug|x86.Build.0 = Debug|Win32
		{8C7A0332-2A76-42D0-84A9-A513563840CF}.Release|x64.ActiveCfg = Release|x64
		{8C7A0332-2A76-42D0-84A9-A513563840CF}.Release|x64.Build.0 = Release|x64
		{8C7A0332-2A76-42D0-84A9-A513563840CF}.Release|x86.ActiveCfg = Release|Win32
		{8C7A0332-2A76-42D0-84A9-A513563840CF}.Release|x86.Build.0 = Release|Win32
		{6418D9DA-7DC6-4682-9B10-F345A1776ED6}.Debug|x64.ActiveCfg = Debug|x64
		{6418D9DA-7DC6-4682-9B10-F345A1776ED6}.Debug|x64.Build.0 = Debug|x64
		{6418D9DA-7DC6-4682-9B10-F345A1776ED6}.Debug|x86.ActiveCfg = Debug|Win32
		{6418D9DA-7DC6-4682-9B10-F345A1776ED6}.Debug|x86.Build.0 = Debug|Win32
		{6418D9DA-7DC6-4682-9B10-F345A1776ED6}.Release|x64.ActiveCfg = Release|x64
		{6418D9DA-7DC6-4682-9B10-F345A1776ED6}.Release|x64.Build.0 = Release|x64
		{6418D9DA-7DC6-4682-9B10-F345A1776ED6}.Release|x86.ActiveCfg = Release|Win32
		{6418D9DA-7DC6-4682-9B10-F345A1776ED6}.Release|x86.Build.0 = Release|Win32
		{03FAF32D-C2B1-4C65-8884-0A2D17B299A8}.Debug|x64.ActiveCfg = Debug|x64
		{03FAF32D-C2B1-4C65-8884-0A2D17B299A8}.Debug|x64.Build.0 = Debug|x64
		{03FAF32D-C2B1-4C65-8884-0A2D17B299A8}.Debug|x86.ActiveCfg = Debug|Win32
		{03FAF32D-C2B1-4C65-8884-0A2D17B299A8}.Debug|x86.Build.0 = Debug|Win32
		{03FAF32D-C2B1-4C65-8884-0A2D17B299A8}.Release|x64.ActiveCfg = Release|x64
		{03FAF32D-C2B1-4C65-8884-0A2D17B299A8}.Release|x64.Build.0 = Release|x64
		{03FAF32D-C2B1-4C65-8884-0A2D17B299A8}.Release|x86.ActiveCfg = Release|Win32
		{03FAF32D-C2B1-4C65-8884-0A2D17B299A8}.Release|x86.Build.0 = Release|Win32
		{73907FD6-F4F4-4575-A957-AEE9BFA4E636}.Debug|x64.ActiveCfg = Debug|x64
		{73907FD6-F4F4-4575-A957-AEE9BFA4E636}.Debug|x64.Build.0 = Debug|x64
		{73907FD6-F4F4-4575-A957-AEE9BFA4E636}.Debug|x86.ActiveCfg = Debug|Win32
		{73907FD6-F4F4-4575-A957-AEE9BFA4E636}.Debug|x86.Build.0 = Debug|Win32
		{73907FD6-F4F4-4575-A957-AEE9BFA4E636}.Release|x64.ActiveCfg = Release|x64
		{73907FD6-F4F4-4575-A957-AEE9BFA4E636}.Release|x64.Build.0 = Release|x64
		{73907FD6-F4F4-4575-A957-AEE9BFA4E636}.Release|x86.ActiveCfg = Release|Win32
		{73907FD6-F4F4-4575-A957-AEE9BFA4E636}.Release|x86.Build.0 = Release|Win32
		{B485CC7B-155B-4907-B47D-B508AA133ACB}.Debug|x64.ActiveCfg = Debug|x64
		{B485CC7B-155B-4907-B47D-B508AA133ACB}.Debug|x64.Build.0 = Debug|x64
		{B485CC7B-155B-4907-B47D-B508AA133ACB}.Debug|x86.ActiveCfg = Debug|Win32
		{B485CC7B-155B-4907-B47D-B508AA133ACB}.Debug|x86.Build.0 = Debug|Win32
		{B485CC7B-155B-4907-B47D-B508AA133ACB}.Release|x64.ActiveCfg = Release|x64
		{B485CC7B-155B-4907-B47D-B508AA133ACB}.Release|x64.Build.0 = Release|x64
		{B485CC7B-155B-4907-B47D-B508AA133ACB}.Release|x86.ActiveCfg = Release|Win32
		{B485CC7B-155B-4907-B47D-B508AA133ACB}.Release|x86.Build.0 = Release|Win32
		{1D1D2593-DDFE-4F0F-B221-785F4238E7C2}.Debug|x64.ActiveCfg = Debug|x64
		{1D1D2593-DDFE-4F0F-B221-785F4238E7C2}.Debug|x64.Build.0 = Debug|x64
		{1D1D2593-DDFE-4F0F-B221-785F4238E7C2}.Debug|x86.ActiveCfg = Debug|Win32
		{1D1D2593-DDFE-4F0F-B221-785F4238E7C2}.Debug|x86.Build.0 = Debug|Win32
		{1D1D2593-DDFE-4F0F-B221-785F4238E7C2}.Release|x64.ActiveCfg = Release|x64
		{1D1D2593-DDFE-4F0F-B221-785F4238E7C2}.Release|x64.Build.0 = Release|x64
		{1D1D2593-DDFE-4F0F-B221-785F4238E7C2}.Release|x86.ActiveCfg = Release|Win32
		{1D1D2593-DDFE-4F0F-B221-785F4238E7C2}.Release|x86.Build.0 = Release|Win32
		{CD904C0E-D972-4456-BEB0-DB49647CE364}.Debug|x64.ActiveCfg = Debug|x64
		{CD904C0E-D972-4456-BEB0-DB49647CE364}.Debug|x64.Build.0 = Debug|x64
		{CD904C0E-D972-4456-BEB0-DB49647CE364}.Debug|x86.ActiveCfg = Debug|Win32
		{CD904C0E-D972-4456-BEB0-DB49647CE364}.Debug|x86.Build.0 = Debug|Win32
		{CD904C0E-D972-4456-BEB0-DB49647CE364}.Release|x64.ActiveCfg = Release|x64
		{CD904C0E-D972-4456-BEB0-DB49647CE364}.Release|x64.Build.0 = Release|x64
		{CD904C0E-D972-4456-BEB0-DB49647CE364}.Release|x86.ActiveCfg = Release|Win32
		{CD904C0E-D972-4456-BEB0-DB49647CE364}.Release|x86.Build.0 = Release|Win32
		{E0EBE093-8F10-4022-8EE0-8F55258C072B}.Debug|x64.ActiveCfg = Debug|x64
		{E0EBE093-8F10-4022-8EE0-8F55258C072B}.Debug|x64.Build.0 = Debug|x64
		{E0EBE093-8F10-4022-8EE0-8F55258C072B}.Debug|x86.ActiveCfg = Debug|Win32
		{E0EBE093-8F10-4022-8EE0-8F55258C072B}.Debug|x86.Build.0 = Debug|Win32
		{E0EBE093-8F10-4022-8EE0-8F55258C072B}.Release|x64.ActiveCfg = Release|x64
		{E0EBE093-8F10-4022-8EE0-8F55258C072B}.Release|x64.Build.0 = Release|x64
		{E0EBE093-8F10-4022-8EE0-8F55258C072B}.Release|x86.ActiveCfg = Release|Win32
		{E0EBE093-8F10-4022-8EE0-8F55258C072B}.Release|x86.Build.0 = Release|Win32
		{695A65F6-B8D4-412A-A79B-10A0F215EC9A}.Debug|x64.ActiveCfg = Debug|x64
		{695A65F6-B8D4-412A-A79B-10A0F215EC9A}.Debug|x64.Build.0 = Debug|x64
		{695A65F6-B8D4-412A-A79B-10A0F215EC9A}.Debug|x86.ActiveCfg = Debug|Win32
		{695A65F6-B8D4-412A-A79B-10A0F215EC9A}.Debug|x86.Build.0 = Debug|Win32
		{695A65F6-B8D4-412A-A79B-10A0F215EC9A}.Release|x64.ActiveCfg = Release|x64
		{695A65F6-B8D4-412A-A79B-10A0F215EC9A}.Release|x64.Build.0 = Release|x64
		{695A65F6-B8D4-412A-A79B-10A0F215EC9A}.Release|x86.ActiveCfg = Release|Win32
		{695A65F6-B8D4-412A-A79B-10A0F215EC9A}.Release|x86.Build.0 = Release|Win32
		{9C209C14-D581-4C3C-A8DB-C4D6176B58FD}.Debug|x64.ActiveCfg = Debug|x64
		{9C209C14-D581-4C3C-A8DB-C4D6176B58FD}.Debug|x64.Build.0 = Debug|x64
		{9C209C14-D581-4C3C-A8DB-C4D6176B58FD}.Debug|x86.ActiveCfg = Debug|Win32
		{9C209C14-D581-4C3C-A8DB-C4D6176B58FD}.Debug|x86.Build.0 = Debug|Win32
		{9C209C14-D581-4C3C-A8DB-C4D6176B58FD}.Release|x64.ActiveCfg = Release|x64
		{9C209C14-D581-4C3C-A8DB-C4D6176B58FD}.Release|x64.Build.0 = Release|x64
		{9C209C14-D581-4C3C-A8DB-C4D6176B58FD}.Release|x86.ActiveCfg = Release|Win32
		{9C209C14-D581-4C3C-A8DB-C4D6176B58FD}.Release|x86.Build.0 = Release|Win32
		{2112560D-D513-41D7-8962-CC5F6BE8FBB3}.Debug|x64.ActiveCfg = Debug|x64
		{2112560D-D513-41D7-8962-CC5F6BE8FBB3}.Debug|x64.Build.0 = Debug|x64
		{2112560D-D513-41D7-8962-CC5F6BE8FBB3}.Debug|x86.ActiveCfg = Debug|Win32
		{2112560D-D513-41D7-8962-CC5F6BE8FBB3}.Debug|x86.Build.0 = Debug|Win32
		{2112560D-D513-41D7-8962-CC5F6BE8FBB3}.Release|x64.ActiveCfg = Release|x64
		{2112560D-D513-41D7-8962-CC5F6BE8FBB3}.Release|x64.Build.0 = Release|x64
		{2112560D-D513-41D7-8962-CC5F6BE8FBB3}.Release|x86.ActiveCfg = Release|Win32
		{2112560D-D513-41D7-8962-CC5F6BE8FBB3}.Release|x86.Build.0 = Release|Win32
		{60777D43-B8B4-4DA2-ADA4-6CB7E5A942EE}.Debug|x64.ActiveCfg = Debug|x64
		{60777D43-B8B4-4DA2-ADA4-6CB7E5A942EE}.Debug|x64.Build.0 = Debug|x64
		{60777D43-B8B4-4DA2-ADA4-6CB7E5A942EE}.Debug|x86.ActiveCfg = Debug|Win32
		{60777D43-B8B4-4DA2-ADA4-6CB7E5A942EE}.Debug|x86.Build.0 = Debug|Win32
		{60777D43-B8B4-4DA2-ADA4-6CB7E5A942EE}.Release|x64.ActiveCfg = Release|x64
		{60777D43-B8B4-4DA2-ADA4-6CB7E5A942EE}.Release|x64.Build.0 = Release|x64
		{60777D43-B8B4-4DA2-ADA4-6CB7E5A942EE}.Release|x86.ActiveCfg = Release|Win32
		{60777D43-B8B4-4DA2-ADA4-6CB7E5A942EE}.Release|x86.Build.0 = Release|Win32
		{3AE07315-A109-4D9F-9CDF-EA51E29A4D1F}.Debug|x64.ActiveCfg = Debug|x64
		{3AE07315-A109-4D9F-9CDF-EA51E29A4D1F}.Debug|x64.Build.0 = Debug|x64
		{3AE07315-A109-4D9F-9CDF-EA51E29A4D1F}.Debug|x86.ActiveCfg = Debug|Win32
		{3AE07315-A109-4D9F-9CDF-EA51E29A4D1F}.Debug|x86.Build.0 = Debug|Win32
		{3AE07315-A109-4D9F-9CDF-EA51E29A4D1F}.Release|x64.ActiveCfg = Release|x64
		{3AE07315-A109-4D9F-9CDF-EA51E29A4D1F}.Release|x64.Build.0 = Release|x64
		{3AE07315-A109-4D9F-9CDF-EA51E29A4D1F}.Release|x86.ActiveCfg = Release|Win32
		{3AE07315-A109-4D9F-9CDF-EA51E29A4D1F}.Release|x86.Build.0 = Release|Win32
		{8C1EF9BD-A081-44D1-A69C-D6F8A8A6FC25}.Debug|x64.ActiveCfg = Debug|x64
		{8C1EF9BD-A081-44D1-A69C-D6F8A8A6FC25}.Debug|x64.Build.0 = Debug|x64
		{8C1EF9BD-A081-44D1-A69C-D6F8A8A6FC25}.Debug|x86.ActiveCfg = Debug|Win32
		{8C1EF9BD-A081-44D1-A69C-D6F8A8A6FC25}.Debug|x86.Build.0 = Debug|Win32
		{8C1EF9BD-A081-44D1-A69C-D6F8A8A6FC25}.Release|x64.ActiveCfg = Release|x64
		{8C1EF9BD-A081-44D1-A69C-D6F8A8A6FC25}.Release|x64.Build.0 = Release|x64
		{8C1EF9BD-A081-44D1-A69C-D6F8A8A6FC25}.Release|x86.ActiveCfg = Release|Win32
		{8C1EF9BD-A081-44D1-A69C-D6F8A8A6FC25}.Release|x86.Build.0 = Release|Win32
		{A1AC09D0-C734-442F-BB95-C8D69B63D9ED}.Debug|x64.ActiveCfg = Debug|x64
		{A1AC09D0-C734-442F-BB95-C8D69B63D9ED}.Debug|x64.Build.0 = Debug|x64
		{A1AC09D0-C734-442F-BB95-C8D69B63D9ED}.Debug|x86.ActiveCfg = Debug|Win32
		{A1AC09D0-C734-442F-BB95-C8D69B63D9ED}.Debug|x86.Build.0 = Debug|Win32
		{A1AC09D0-C734-442F-BB95-C8D69B63D9ED}.Release|x64.ActiveCfg = Release|x64
		{A1AC09D0-C734-442F-BB95-C8D69B63D9ED}.Release|x64.Build.0 = Release|x64
		{A1AC09D0-C734-442F-BB95-C8D69B63D9ED}.Release|x86.ActiveCfg = Release|Win32
		{A1AC09D0-C734-442F-BB95-C8D69B63D9ED}.Release|x86.Build.0 = Release|Win32
		{91F090D6-C58E-44DA-8DD8-37E2CA7F1A36}.Debug|x64.ActiveCfg = Debug|x64
		{91F090D6-C58E-44DA-8DD8-37E2CA7F1A36}.Debug|x64.Build.0 = Debug|x64
		{91F090D6-C58E-44DA-8DD8-37E2CA7F1A36}.Debug|x86.ActiveCfg = Debug|Win32
		{91F090D6-C58E-44DA-8DD8-37E2CA7F1A36}.Debug|x86.Build.0 = Debug|Win32
		{91F090D6-C58E-44DA-8DD8-37E2CA7F1A36}.Release|x64.ActiveCfg = Release|x64
		{91F090D6-C58E-44DA-8DD8-37E2CA7F1A36}.Release|x64.Build.0 = Release|x64
		{91F090D6-C58E-44DA-8DD8-37E2CA7F1A36}.Release|x86.ActiveCfg = Release|Win32
		{91F090D6-C58E-44DA-8DD8-37E2CA7F1A36}.Release|x86.Build.0 = Release|Win32
		{E0773B19-8E35-41C0-B314-BE0EF6531B7B}.Debug|x64.ActiveCfg = Debug|x64
		{E0773B19-8E35-41C0-B314-BE0EF6531B7B}.Debug|x64.Build.0 = Debug|x64
		{E0773B19-8E35-41C0-B314-BE0EF6531B7B}.Debug|x86.ActiveCfg = Debug|Win32
		{E0773B19-8E35-41C0-B314-BE0EF6531B7B}.Debug|x86.Build.0 = Debug|Win32
		{E0773B19-8E35-41C0-B314-BE0EF6531B7B}.Release|x64.ActiveCfg = Release|x64
		{E0773B19-8E35-41C0-B314-BE0EF6531B7B}.Release|x64.Build.0 = Release|x64
		{E0773B19-8E35-41C0-B314-BE0EF6531B7B}.Release|x86.ActiveCfg = Release|Win32
		{E0773B19-8E35-41C0-B314-BE0EF6531B7B}.Release|x86.Build.0 = Release|Win32
		{BEA2D34D-2104-4387-B784-B848C7A79D8E}.Debug|x64.ActiveCfg = Debug|x64
		{BEA2D34D-2104-4387-B784-B848C7A79D8E}.Debug|x64.Build.0 = Debug|x64
		{BEA2D34D-2104-4387-B784-B848C7A79D8E}.Debug|x86.ActiveCfg = Debug|Win32
		{BEA2D34D-2104-4387-B784-B848C7A79D8E}.Debug|x86.Build.0 = Debug|Win32
		{BEA2D34D-2104-4387-B784-B848C7A79D8E}.Release|x64.ActiveCfg = Release|x64
		{BEA2D34D-2104-4387-B784-B848C7A79D8E}.Release|x64.Build.0 = Release|x64
		{BEA2D34D-2104-4387-B784-B848C7A79D8E}.Release|x86.ActiveCfg = Release|Win32
		{BEA2D34D-2104-4387-B784-B848C7A79D8E}.Release|x86.Build.0 = Release|Win32
	EndGlobalSection
	GlobalSection(SolutionProperties) = preSolution
		HideSolutionNode = FALSE
	EndGlobalSection
	GlobalSection(ExtensibilityGlobals) = postSolution
		SolutionGuid = {15528DB5-4514-4BCF-BA5A-E0DA66FEA1A3}
	EndGlobalSection
EndGlobal
